<?xml version="1.0" encoding="utf-8"?>
<Project ToolsVersion="4.0" xmlns="http://schemas.microsoft.com/developer/msbuild/2003">
  <ItemGroup>
    <Filter Include="Source Files">
      <UniqueIdentifier>{4FC737F1-C7A5-4376-A066-2A32D752A2FF}</UniqueIdentifier>
      <Extensions>cpp;c;cc;cxx;c++;cppm;ixx;def;odl;idl;hpj;bat;asm;asmx</Extensions>
    </Filter>
    <Filter Include="Header Files">
      <UniqueIdentifier>{93995380-89BD-4b04-88EB-625FBE52EBFB}</UniqueIdentifier>
      <Extensions>h;hh;hpp;hxx;h++;hm;inl;inc;ipp;xsd</Extensions>
    </Filter>
    <Filter Include="Resource Files">
      <UniqueIdentifier>{67DA6AB6-F800-4c08-8B7A-83BB121AAD01}</UniqueIdentifier>
      <Extensions>rc;ico;cur;bmp;dlg;rc2;rct;bin;rgs;gif;jpg;jpeg;jpe;resx;tiff;tif;png;wav;mfcribbon-ms</Extensions>
    </Filter>
    <Filter Include="Source Files\AssetsSaveLoad">
      <UniqueIdentifier>{ee75367c-64bf-4b2c-8457-a0227efd323f}</UniqueIdentifier>
    </Filter>
    <Filter Include="Source Files\Input">
      <UniqueIdentifier>{e6b7f3f0-7184-4cee-90f4-64157847cc7a}</UniqueIdentifier>
    </Filter>
    <Filter Include="Source Files\Passes">
      <UniqueIdentifier>{c6847f7a-7cab-4768-b0af-832e434273e7}</UniqueIdentifier>
    </Filter>
    <Filter Include="Source Files\DearImguiFIles">
      <UniqueIdentifier>{3b1ceffc-795a-4bf0-aef6-7063e71fb153}</UniqueIdentifier>
    </Filter>
  </ItemGroup>
  <ItemGroup>
    <ClCompile Include="main.cpp">
      <Filter>Source Files</Filter>
    </ClCompile>
    <ClCompile Include="src\DebugUtilities.ixx">
      <Filter>Source Files</Filter>
    </ClCompile>
    <ClCompile Include="src\RendererCore.ixx">
      <Filter>Source Files</Filter>
    </ClCompile>
    <ClCompile Include="src\RendererData.ixx">
      <Filter>Source Files</Filter>
    </ClCompile>
    <ClCompile Include="src\RendererEntitys.ixx">
      <Filter>Source Files</Filter>
    </ClCompile>
    <ClCompile Include="src\RendererFrame.ixx">
      <Filter>Source Files</Filter>
    </ClCompile>
    <ClCompile Include="src\RendererPipeline.ixx">
      <Filter>Source Files</Filter>
    </ClCompile>
    <ClCompile Include="src\RendererUtilities.ixx">
      <Filter>Source Files</Filter>
    </ClCompile>
    <ClCompile Include="src\AssetsSaveLoad\RendererAssetPipeline.ixx">
      <Filter>Source Files\AssetsSaveLoad</Filter>
    </ClCompile>
    <ClCompile Include="src\AssetsSaveLoad\RendererAssetPipeline-AssimpImport.ixx">
      <Filter>Source Files\AssetsSaveLoad</Filter>
    </ClCompile>
    <ClCompile Include="src\AssetsSaveLoad\RendererAssetPipeline-Mesh.ixx">
      <Filter>Source Files\AssetsSaveLoad</Filter>
    </ClCompile>
    <ClCompile Include="src\AssetsSaveLoad\RendererAssetPipeline-Textures.ixx">
      <Filter>Source Files\AssetsSaveLoad</Filter>
    </ClCompile>
    <ClCompile Include="src\AssetsSaveLoad\StbImage.cpp">
      <Filter>Source Files\AssetsSaveLoad</Filter>
    </ClCompile>
    <ClCompile Include="RendererInput.ixx">
      <Filter>Source Files\Input</Filter>
    </ClCompile>
    <ClCompile Include="src\RendererCamera.ixx">
      <Filter>Source Files</Filter>
    </ClCompile>
    <ClCompile Include="src\Passes\RendererPass_Opaque.ixx">
      <Filter>Source Files\Passes</Filter>
    </ClCompile>
    <ClCompile Include="src\Passes\RendererPass_Picking.ixx">
      <Filter>Source Files\Passes</Filter>
    </ClCompile>
    <ClCompile Include="src\RendererPass_SelectedOutline.ixx">
      <Filter>Source Files\Passes</Filter>
    </ClCompile>
    <ClCompile Include="src\RendererPass_SelectedTint.ixx">
      <Filter>Source Files\Passes</Filter>
    </ClCompile>
    <ClCompile Include="src\RendererImgui.ixx">
      <Filter>Source Files</Filter>
    </ClCompile>
    <ClCompile Include="src\RendererTransformUtils.ixx">
      <Filter>Source Files</Filter>
    </ClCompile>
    <ClCompile Include="src\RendererEditorUI.ixx">
      <Filter>Source Files</Filter>
    </ClCompile>
    <ClCompile Include="Dependencies\imgui-1.92.5\imgui.cpp">
      <Filter>Source Files\DearImguiFIles</Filter>
    </ClCompile>
    <ClCompile Include="Dependencies\imgui-1.92.5\imgui_tables.cpp">
      <Filter>Source Files\DearImguiFIles</Filter>
    </ClCompile>
    <ClCompile Include="Dependencies\imgui-1.92.5\imgui_widgets.cpp">
      <Filter>Source Files\DearImguiFIles</Filter>
    </ClCompile>
    <ClCompile Include="Dependencies\ImGuizmo-1.83\ImGuizmo.cpp">
      <Filter>Source Files\DearImguiFIles</Filter>
    </ClCompile>
    <ClCompile Include="Dependencies\imgui-1.92.5\imgui_draw.cpp">
      <Filter>Source Files\DearImguiFIles</Filter>
    </ClCompile>
    <ClCompile Include="Dependencies\imgui-1.92.5\backends\imgui_impl_glfw.cpp">
      <Filter>Source Files\DearImguiFIles</Filter>
    </ClCompile>
    <ClCompile Include="Dependencies\imgui-1.92.5\backends\imgui_impl_opengl3.cpp">
      <Filter>Source Files\DearImguiFIles</Filter>
    </ClCompile>
  </ItemGroup>
  <ItemGroup>
    <ClInclude Include="src\AssetsSaveLoad\stb_image_write.h">
      <Filter>Source Files\AssetsSaveLoad</Filter>
    </ClInclude>
    <ClInclude Include="resource.h">
      <Filter>Header Files</Filter>
    </ClInclude>
  </ItemGroup>
  <ItemGroup>
    <ResourceCompile Include="ProceduralGraphics.rc">
      <Filter>Resource Files</Filter>
    </ResourceCompile>
  </ItemGroup>
</Project>